// !$*UTF8*$!
{
	archiveVersion = 1;
	classes = {
	};
	objectVersion = 48;
	objects = {

/* Begin PBXBuildFile section */
		98221FAA20A80A3C00D7D461 /* AppDelegate.swift in Sources */ = {isa = PBXBuildFile; fileRef = 98221FA920A80A3C00D7D461 /* AppDelegate.swift */; };
		98221FAC20A80A3C00D7D461 /* ViewController.swift in Sources */ = {isa = PBXBuildFile; fileRef = 98221FAB20A80A3C00D7D461 /* ViewController.swift */; };
		98221FB120A80A3C00D7D461 /* Assets.xcassets in Resources */ = {isa = PBXBuildFile; fileRef = 98221FB020A80A3C00D7D461 /* Assets.xcassets */; };
		98221FB420A80A3C00D7D461 /* LaunchScreen.storyboard in Resources */ = {isa = PBXBuildFile; fileRef = 98221FB220A80A3C00D7D461 /* LaunchScreen.storyboard */; };
		98221FBF20A80A3C00D7D461 /* PokedexTests.swift in Sources */ = {isa = PBXBuildFile; fileRef = 98221FBE20A80A3C00D7D461 /* PokedexTests.swift */; };
		98221FCA20A80A3C00D7D461 /* PokedexUITests.swift in Sources */ = {isa = PBXBuildFile; fileRef = 98221FC920A80A3C00D7D461 /* PokedexUITests.swift */; };
		98221FD820A80BD200D7D461 /* pokedex.mlmodel in Sources */ = {isa = PBXBuildFile; fileRef = 98221FD720A80BD200D7D461 /* pokedex.mlmodel */; };
/* End PBXBuildFile section */

/* Begin PBXContainerItemProxy section */
		98221FBB20A80A3C00D7D461 /* PBXContainerItemProxy */ = {
			isa = PBXContainerItemProxy;
			containerPortal = 98221F9E20A80A3C00D7D461 /* Project object */;
			proxyType = 1;
			remoteGlobalIDString = 98221FA520A80A3C00D7D461;
			remoteInfo = Pokedex;
		};
		98221FC620A80A3C00D7D461 /* PBXContainerItemProxy */ = {
			isa = PBXContainerItemProxy;
			containerPortal = 98221F9E20A80A3C00D7D461 /* Project object */;
			proxyType = 1;
			remoteGlobalIDString = 98221FA520A80A3C00D7D461;
			remoteInfo = Pokedex;
		};
/* End PBXContainerItemProxy section */

/* Begin PBXFileReference section */
		98221FA620A80A3C00D7D461 /* Pokedex.app */ = {isa = PBXFileReference; explicitFileType = wrapper.application; includeInIndex = 0; path = Pokedex.app; sourceTree = BUILT_PRODUCTS_DIR; };
		98221FA920A80A3C00D7D461 /* AppDelegate.swift */ = {isa = PBXFileReference; lastKnownFileType = sourcecode.swift; path = AppDelegate.swift; sourceTree = "<group>"; };
		98221FAB20A80A3C00D7D461 /* ViewController.swift */ = {isa = PBXFileReference; lastKnownFileType = sourcecode.swift; path = ViewController.swift; sourceTree = "<group>"; };
		98221FB020A80A3C00D7D461 /* Assets.xcassets */ = {isa = PBXFileReference; lastKnownFileType = folder.assetcatalog; path = Assets.xcassets; sourceTree = "<group>"; };
		98221FB320A80A3C00D7D461 /* Base */ = {isa = PBXFileReference; lastKnownFileType = file.storyboard; name = Base; path = Base.lproj/LaunchScreen.storyboard; sourceTree = "<group>"; };
		98221FB520A80A3C00D7D461 /* Info.plist */ = {isa = PBXFileReference; lastKnownFileType = text.plist.xml; path = Info.plist; sourceTree = "<group>"; };
		98221FBA20A80A3C00D7D461 /* PokedexTests.xctest */ = {isa = PBXFileReference; explicitFileType = wrapper.cfbundle; includeInIndex = 0; path = PokedexTests.xctest; sourceTree = BUILT_PRODUCTS_DIR; };
		98221FBE20A80A3C00D7D461 /* PokedexTests.swift */ = {isa = PBXFileReference; lastKnownFileType = sourcecode.swift; path = PokedexTests.swift; sourceTree = "<group>"; };
		98221FC020A80A3C00D7D461 /* Info.plist */ = {isa = PBXFileReference; lastKnownFileType = text.plist.xml; path = Info.plist; sourceTree = "<group>"; };
		98221FC520A80A3C00D7D461 /* PokedexUITests.xctest */ = {isa = PBXFileReference; explicitFileType = wrapper.cfbundle; includeInIndex = 0; path = PokedexUITests.xctest; sourceTree = BUILT_PRODUCTS_DIR; };
		98221FC920A80A3C00D7D461 /* PokedexUITests.swift */ = {isa = PBXFileReference; lastKnownFileType = sourcecode.swift; path = PokedexUITests.swift; sourceTree = "<group>"; };
		98221FCB20A80A3C00D7D461 /* Info.plist */ = {isa = PBXFileReference; lastKnownFileType = text.plist.xml; path = Info.plist; sourceTree = "<group>"; };
		98221FD720A80BD200D7D461 /* pokedex.mlmodel */ = {isa = PBXFileReference; lastKnownFileType = file.mlmodel; path = pokedex.mlmodel; sourceTree = "<group>"; };
/* End PBXFileReference section */

/* Begin PBXFrameworksBuildPhase section */
		98221FA320A80A3C00D7D461 /* Frameworks */ = {
			isa = PBXFrameworksBuildPhase;
			buildActionMask = 2147483647;
			files = (
			);
			runOnlyForDeploymentPostprocessing = 0;
		};
		98221FB720A80A3C00D7D461 /* Frameworks */ = {
			isa = PBXFrameworksBuildPhase;
			buildActionMask = 2147483647;
			files = (
			);
			runOnlyForDeploymentPostprocessing = 0;
		};
		98221FC220A80A3C00D7D461 /* Frameworks */ = {
			isa = PBXFrameworksBuildPhase;
			buildActionMask = 2147483647;
			files = (
			);
			runOnlyForDeploymentPostprocessing = 0;
		};
/* End PBXFrameworksBuildPhase section */

/* Begin PBXGroup section */
		98221F9D20A80A3C00D7D461 = {
			isa = PBXGroup;
			children = (
				98221FA820A80A3C00D7D461 /* Pokedex */,
				98221FBD20A80A3C00D7D461 /* PokedexTests */,
				98221FC820A80A3C00D7D461 /* PokedexUITests */,
				98221FA720A80A3C00D7D461 /* Products */,
			);
			sourceTree = "<group>";
		};
		98221FA720A80A3C00D7D461 /* Products */ = {
			isa = PBXGroup;
			children = (
				98221FA620A80A3C00D7D461 /* Pokedex.app */,
				98221FBA20A80A3C00D7D461 /* PokedexTests.xctest */,
				98221FC520A80A3C00D7D461 /* PokedexUITests.xctest */,
			);
			name = Products;
			sourceTree = "<group>";
		};
		98221FA820A80A3C00D7D461 /* Pokedex */ = {
			isa = PBXGroup;
			children = (
				98221FD720A80BD200D7D461 /* pokedex.mlmodel */,
				98221FA920A80A3C00D7D461 /* AppDelegate.swift */,
				98221FAB20A80A3C00D7D461 /* ViewController.swift */,
				98221FB020A80A3C00D7D461 /* Assets.xcassets */,
				98221FB220A80A3C00D7D461 /* LaunchScreen.storyboard */,
				98221FB520A80A3C00D7D461 /* Info.plist */,
			);
			path = Pokedex;
			sourceTree = "<group>";
		};
		98221FBD20A80A3C00D7D461 /* PokedexTests */ = {
			isa = PBXGroup;
			children = (
				98221FBE20A80A3C00D7D461 /* PokedexTests.swift */,
				98221FC020A80A3C00D7D461 /* Info.plist */,
			);
			path = PokedexTests;
			sourceTree = "<group>";
		};
		98221FC820A80A3C00D7D461 /* PokedexUITests */ = {
			isa = PBXGroup;
			children = (
				98221FC920A80A3C00D7D461 /* PokedexUITests.swift */,
				98221FCB20A80A3C00D7D461 /* Info.plist */,
			);
			path = PokedexUITests;
			sourceTree = "<group>";
		};
/* End PBXGroup section */

/* Begin PBXNativeTarget section */
		98221FA520A80A3C00D7D461 /* Pokedex */ = {
			isa = PBXNativeTarget;
			buildConfigurationList = 98221FCE20A80A3C00D7D461 /* Build configuration list for PBXNativeTarget "Pokedex" */;
			buildPhases = (
				98221FA220A80A3C00D7D461 /* Sources */,
				98221FA320A80A3C00D7D461 /* Frameworks */,
				98221FA420A80A3C00D7D461 /* Resources */,
			);
			buildRules = (
			);
			dependencies = (
			);
			name = Pokedex;
			productName = Pokedex;
			productReference = 98221FA620A80A3C00D7D461 /* Pokedex.app */;
			productType = "com.apple.product-type.application";
		};
		98221FB920A80A3C00D7D461 /* PokedexTests */ = {
			isa = PBXNativeTarget;
			buildConfigurationList = 98221FD120A80A3C00D7D461 /* Build configuration list for PBXNativeTarget "PokedexTests" */;
			buildPhases = (
				98221FB620A80A3C00D7D461 /* Sources */,
				98221FB720A80A3C00D7D461 /* Frameworks */,
				98221FB820A80A3C00D7D461 /* Resources */,
			);
			buildRules = (
			);
			dependencies = (
				98221FBC20A80A3C00D7D461 /* PBXTargetDependency */,
			);
			name = PokedexTests;
			productName = PokedexTests;
			productReference = 98221FBA20A80A3C00D7D461 /* PokedexTests.xctest */;
			productType = "com.apple.product-type.bundle.unit-test";
		};
		98221FC420A80A3C00D7D461 /* PokedexUITests */ = {
			isa = PBXNativeTarget;
			buildConfigurationList = 98221FD420A80A3C00D7D461 /* Build configuration list for PBXNativeTarget "PokedexUITests" */;
			buildPhases = (
				98221FC120A80A3C00D7D461 /* Sources */,
				98221FC220A80A3C00D7D461 /* Frameworks */,
				98221FC320A80A3C00D7D461 /* Resources */,
			);
			buildRules = (
			);
			dependencies = (
				98221FC720A80A3C00D7D461 /* PBXTargetDependency */,
			);
			name = PokedexUITests;
			productName = PokedexUITests;
			productReference = 98221FC520A80A3C00D7D461 /* PokedexUITests.xctest */;
			productType = "com.apple.product-type.bundle.ui-testing";
		};
/* End PBXNativeTarget section */

/* Begin PBXProject section */
		98221F9E20A80A3C00D7D461 /* Project object */ = {
			isa = PBXProject;
			attributes = {
				LastSwiftUpdateCheck = 0920;
				LastUpgradeCheck = 0920;
				ORGANIZATIONNAME = KJaisinghOrg;
				TargetAttributes = {
					98221FA520A80A3C00D7D461 = {
						CreatedOnToolsVersion = 9.2;
						ProvisioningStyle = Automatic;
					};
					98221FB920A80A3C00D7D461 = {
						CreatedOnToolsVersion = 9.2;
						ProvisioningStyle = Automatic;
						TestTargetID = 98221FA520A80A3C00D7D461;
					};
					98221FC420A80A3C00D7D461 = {
						CreatedOnToolsVersion = 9.2;
						ProvisioningStyle = Automatic;
						TestTargetID = 98221FA520A80A3C00D7D461;
					};
				};
			};
			buildConfigurationList = 98221FA120A80A3C00D7D461 /* Build configuration list for PBXProject "Pokedex" */;
			compatibilityVersion = "Xcode 8.0";
			developmentRegion = en;
			hasScannedForEncodings = 0;
			knownRegions = (
				en,
				Base,
			);
			mainGroup = 98221F9D20A80A3C00D7D461;
			productRefGroup = 98221FA720A80A3C00D7D461 /* Products */;
			projectDirPath = "";
			projectRoot = "";
			targets = (
				98221FA520A80A3C00D7D461 /* Pokedex */,
				98221FB920A80A3C00D7D461 /* PokedexTests */,
				98221FC420A80A3C00D7D461 /* PokedexUITests */,
			);
		};
/* End PBXProject section */

/* Begin PBXResourcesBuildPhase section */
		98221FA420A80A3C00D7D461 /* Resources */ = {
			isa = PBXResourcesBuildPhase;
			buildActionMask = 2147483647;
			files = (
				98221FB420A80A3C00D7D461 /* LaunchScreen.storyboard in Resources */,
				98221FB120A80A3C00D7D461 /* Assets.xcassets in Resources */,
			);
			runOnlyForDeploymentPostprocessing = 0;
		};
		98221FB820A80A3C00D7D461 /* Resources */ = {
			isa = PBXResourcesBuildPhase;
			buildActionMask = 2147483647;
			files = (
			);
			runOnlyForDeploymentPostprocessing = 0;
		};
		98221FC320A80A3C00D7D461 /* Resources */ = {
			isa = PBXResourcesBuildPhase;
			buildActionMask = 2147483647;
			files = (
			);
			runOnlyForDeploymentPostprocessing = 0;
		};
/* End PBXResourcesBuildPhase section */

/* Begin PBXSourcesBuildPhase section */
		98221FA220A80A3C00D7D461 /* Sources */ = {
			isa = PBXSourcesBuildPhase;
			buildActionMask = 2147483647;
			files = (
				98221FD820A80BD200D7D461 /* pokedex.mlmodel in Sources */,
				98221FAC20A80A3C00D7D461 /* ViewController.swift in Sources */,
				98221FAA20A80A3C00D7D461 /* AppDelegate.swift in Sources */,
			);
			runOnlyForDeploymentPostprocessing = 0;
		};
		98221FB620A80A3C00D7D461 /* Sources */ = {
			isa = PBXSourcesBuildPhase;
			buildActionMask = 2147483647;
			files = (
				98221FBF20A80A3C00D7D461 /* PokedexTests.swift in Sources */,
			);
			runOnlyForDeploymentPostprocessing = 0;
		};
		98221FC120A80A3C00D7D461 /* Sources */ = {
			isa = PBXSourcesBuildPhase;
			buildActionMask = 2147483647;
			files = (
				98221FCA20A80A3C00D7D461 /* PokedexUITests.swift in Sources */,
			);
			runOnlyForDeploymentPostprocessing = 0;
		};
/* End PBXSourcesBuildPhase section */

/* Begin PBXTargetDependency section */
		98221FBC20A80A3C00D7D461 /* PBXTargetDependency */ = {
			isa = PBXTargetDependency;
			target = 98221FA520A80A3C00D7D461 /* Pokedex */;
			targetProxy = 98221FBB20A80A3C00D7D461 /* PBXContainerItemProxy */;
		};
		98221FC720A80A3C00D7D461 /* PBXTargetDependency */ = {
			isa = PBXTargetDependency;
			target = 98221FA520A80A3C00D7D461 /* Pokedex */;
			targetProxy = 98221FC620A80A3C00D7D461 /* PBXContainerItemProxy */;
		};
/* End PBXTargetDependency section */

/* Begin PBXVariantGroup section */
		98221FB220A80A3C00D7D461 /* LaunchScreen.storyboard */ = {
			isa = PBXVariantGroup;
			children = (
				98221FB320A80A3C00D7D461 /* Base */,
			);
			name = LaunchScreen.storyboard;
			sourceTree = "<group>";
		};
/* End PBXVariantGroup section */

/* Begin XCBuildConfiguration section */
		98221FCC20A80A3C00D7D461 /* Debug */ = {
			isa = XCBuildConfiguration;
			buildSettings = {
				ALWAYS_SEARCH_USER_PATHS = NO;
				CLANG_ANALYZER_NONNULL = YES;
				CLANG_ANALYZER_NUMBER_OBJECT_CONVERSION = YES_AGGRESSIVE;
				CLANG_CXX_LANGUAGE_STANDARD = "gnu++14";
				CLANG_CXX_LIBRARY = "libc++";
				CLANG_ENABLE_MODULES = YES;
				CLANG_ENABLE_OBJC_ARC = YES;
				CLANG_WARN_BLOCK_CAPTURE_AUTORELEASING = YES;
				CLANG_WARN_BOOL_CONVERSION = YES;
				CLANG_WARN_COMMA = YES;
				CLANG_WARN_CONSTANT_CONVERSION = YES;
				CLANG_WARN_DIRECT_OBJC_ISA_USAGE = YES_ERROR;
				CLANG_WARN_DOCUMENTATION_COMMENTS = YES;
				CLANG_WARN_EMPTY_BODY = YES;
				CLANG_WARN_ENUM_CONVERSION = YES;
				CLANG_WARN_INFINITE_RECURSION = YES;
				CLANG_WARN_INT_CONVERSION = YES;
				CLANG_WARN_NON_LITERAL_NULL_CONVERSION = YES;
				CLANG_WARN_OBJC_LITERAL_CONVERSION = YES;
				CLANG_WARN_OBJC_ROOT_CLASS = YES_ERROR;
				CLANG_WARN_RANGE_LOOP_ANALYSIS = YES;
				CLANG_WARN_STRICT_PROTOTYPES = YES;
				CLANG_WARN_SUSPICIOUS_MOVE = YES;
				CLANG_WARN_UNGUARDED_AVAILABILITY = YES_AGGRESSIVE;
				CLANG_WARN_UNREACHABLE_CODE = YES;
				CLANG_WARN__DUPLICATE_METHOD_MATCH = YES;
				CODE_SIGN_IDENTITY = "iPhone Developer";
				COPY_PHASE_STRIP = NO;
				DEBUG_INFORMATION_FORMAT = dwarf;
				ENABLE_STRICT_OBJC_MSGSEND = YES;
				ENABLE_TESTABILITY = YES;
				GCC_C_LANGUAGE_STANDARD = gnu11;
				GCC_DYNAMIC_NO_PIC = NO;
				GCC_NO_COMMON_BLOCKS = YES;
				GCC_OPTIMIZATION_LEVEL = 0;
				GCC_PREPROCESSOR_DEFINITIONS = (
					"DEBUG=1",
					"$(inherited)",
				);
				GCC_WARN_64_TO_32_BIT_CONVERSION = YES;
				GCC_WARN_ABOUT_RETURN_TYPE = YES_ERROR;
				GCC_WARN_UNDECLARED_SELECTOR = YES;
				GCC_WARN_UNINITIALIZED_AUTOS = YES_AGGRESSIVE;
				GCC_WARN_UNUSED_FUNCTION = YES;
				GCC_WARN_UNUSED_VARIABLE = YES;
				IPHONEOS_DEPLOYMENT_TARGET = 11.2;
				MTL_ENABLE_DEBUG_INFO = YES;
				ONLY_ACTIVE_ARCH = YES;
				SDKROOT = iphoneos;
				SWIFT_ACTIVE_COMPILATION_CONDITIONS = DEBUG;
				SWIFT_OPTIMIZATION_LEVEL = "-Onone";
			};
			name = Debug;
		};
		98221FCD20A80A3C00D7D461 /* Release */ = {
			isa = XCBuildConfiguration;
			buildSettings = {
				ALWAYS_SEARCH_USER_PATHS = NO;
				CLANG_ANALYZER_NONNULL = YES;
				CLANG_ANALYZER_NUMBER_OBJECT_CONVERSION = YES_AGGRESSIVE;
				CLANG_CXX_LANGUAGE_STANDARD = "gnu++14";
				CLANG_CXX_LIBRARY = "libc++";
				CLANG_ENABLE_MODULES = YES;
				CLANG_ENABLE_OBJC_ARC = YES;
				CLANG_WARN_BLOCK_CAPTURE_AUTORELEASING = YES;
				CLANG_WARN_BOOL_CONVERSION = YES;
				CLANG_WARN_COMMA = YES;
				CLANG_WARN_CONSTANT_CONVERSION = YES;
				CLANG_WARN_DIRECT_OBJC_ISA_USAGE = YES_ERROR;
				CLANG_WARN_DOCUMENTATION_COMMENTS = YES;
				CLANG_WARN_EMPTY_BODY = YES;
				CLANG_WARN_ENUM_CONVERSION = YES;
				CLANG_WARN_INFINITE_RECURSION = YES;
				CLANG_WARN_INT_CONVERSION = YES;
				CLANG_WARN_NON_LITERAL_NULL_CONVERSION = YES;
				CLANG_WARN_OBJC_LITERAL_CONVERSION = YES;
				CLANG_WARN_OBJC_ROOT_CLASS = YES_ERROR;
				CLANG_WARN_RANGE_LOOP_ANALYSIS = YES;
				CLANG_WARN_STRICT_PROTOTYPES = YES;
				CLANG_WARN_SUSPICIOUS_MOVE = YES;
				CLANG_WARN_UNGUARDED_AVAILABILITY = YES_AGGRESSIVE;
				CLANG_WARN_UNREACHABLE_CODE = YES;
				CLANG_WARN__DUPLICATE_METHOD_MATCH = YES;
				CODE_SIGN_IDENTITY = "iPhone Developer";
				COPY_PHASE_STRIP = NO;
				DEBUG_INFORMATION_FORMAT = "dwarf-with-dsym";
				ENABLE_NS_ASSERTIONS = NO;
				ENABLE_STRICT_OBJC_MSGSEND = YES;
				GCC_C_LANGUAGE_STANDARD = gnu11;
				GCC_NO_COMMON_BLOCKS = YES;
				GCC_WARN_64_TO_32_BIT_CONVERSION = YES;
				GCC_WARN_ABOUT_RETURN_TYPE = YES_ERROR;
				GCC_WARN_UNDECLARED_SELECTOR = YES;
				GCC_WARN_UNINITIALIZED_AUTOS = YES_AGGRESSIVE;
				GCC_WARN_UNUSED_FUNCTION = YES;
				GCC_WARN_UNUSED_VARIABLE = YES;
				IPHONEOS_DEPLOYMENT_TARGET = 11.2;
				MTL_ENABLE_DEBUG_INFO = NO;
				SDKROOT = iphoneos;
				SWIFT_OPTIMIZATION_LEVEL = "-Owholemodule";
				VALIDATE_PRODUCT = YES;
			};
			name = Release;
		};
		98221FCF20A80A3C00D7D461 /* Debug */ = {
			isa = XCBuildConfiguration;
			buildSettings = {
				ASSETCATALOG_COMPILER_APPICON_NAME = AppIcon;
				CODE_SIGN_STYLE = Automatic;
				DEVELOPMENT_TEAM = 22B8E3M3LM;
				INFOPLIST_FILE = Pokedex/Info.plist;
				LD_RUNPATH_SEARCH_PATHS = "$(inherited) @executable_path/Frameworks";
				PRODUCT_BUNDLE_IDENTIFIER = com.KaranJaisingh.Pokedex;
				PRODUCT_NAME = "$(TARGET_NAME)";
				SWIFT_VERSION = 4.0;
				TARGETED_DEVICE_FAMILY = "1,2";
			};
			name = Debug;
		};
		98221FD020A80A3C00D7D461 /* Release */ = {
			isa = XCBuildConfiguration;
			buildSettings = {
				ASSETCATALOG_COMPILER_APPICON_NAME = AppIcon;
				CODE_SIGN_STYLE = Automatic;
				DEVELOPMENT_TEAM = 22B8E3M3LM;
				INFOPLIST_FILE = Pokedex/Info.plist;
				LD_RUNPATH_SEARCH_PATHS = "$(inherited) @executable_path/Frameworks";
				PRODUCT_BUNDLE_IDENTIFIER = com.KaranJaisingh.Pokedex;
				PRODUCT_NAME = "$(TARGET_NAME)";
				SWIFT_VERSION = 4.0;
				TARGETED_DEVICE_FAMILY = "1,2";
			};
			name = Release;
		};
		98221FD220A80A3C00D7D461 /* Debug */ = {
			isa = XCBuildConfiguration;
			buildSettings = {
				ALWAYS_EMBED_SWIFT_STANDARD_LIBRARIES = YES;
				BUNDLE_LOADER = "$(TEST_HOST)";
				CODE_SIGN_STYLE = Automatic;
				DEVELOPMENT_TEAM = L2KTV6Z6A5;
				INFOPLIST_FILE = PokedexTests/Info.plist;
				LD_RUNPATH_SEARCH_PATHS = "$(inherited) @executable_path/Frameworks @loader_path/Frameworks";
				PRODUCT_BUNDLE_IDENTIFIER = com.KaranJaisingh.PokedexTests;
				PRODUCT_NAME = "$(TARGET_NAME)";
				SWIFT_VERSION = 4.0;
				TARGETED_DEVICE_FAMILY = "1,2";
				TEST_HOST = "$(BUILT_PRODUCTS_DIR)/Pokedex.app/Pokedex";
			};
			name = Debug;
		};
		98221FD320A80A3C00D7D461 /* Release */ = {
			isa = XCBuildConfiguration;
			buildSettings = {
				ALWAYS_EMBED_SWIFT_STANDARD_LIBRARIES = YES;
				BUNDLE_LOADER = "$(TEST_HOST)";
				CODE_SIGN_STYLE = Automatic;
				DEVELOPMENT_TEAM = L2KTV6Z6A5;
				INFOPLIST_FILE = PokedexTests/Info.plist;
				LD_RUNPATH_SEARCH_PATHS = "$(inherited) @executable_path/Frameworks @loader_path/Frameworks";
				PRODUCT_BUNDLE_IDENTIFIER = com.KaranJaisingh.PokedexTests;
				PRODUCT_NAME = "$(TARGET_NAME)";
				SWIFT_VERSION = 4.0;
				TARGETED_DEVICE_FAMILY = "1,2";
				TEST_HOST = "$(BUILT_PRODUCTS_DIR)/Pokedex.app/Pokedex";
			};
			name = Release;
		};
		98221FD520A80A3C00D7D461 /* Debug */ = {
			isa = XCBuildConfiguration;
			buildSettings = {
				ALWAYS_EMBED_SWIFT_STANDARD_LIBRARIES = YES;
				CODE_SIGN_STYLE = Automatic;
				DEVELOPMENT_TEAM = L2KTV6Z6A5;
				INFOPLIST_FILE = PokedexUITests/Info.plist;
				LD_RUNPATH_SEARCH_PATHS = "$(inherited) @executable_path/Frameworks @loader_path/Frameworks";
				PRODUCT_BUNDLE_IDENTIFIER = com.KaranJaisingh.PokedexUITests;
				PRODUCT_NAME = "$(TARGET_NAME)";
				SWIFT_VERSION = 4.0;
				TARGETED_DEVICE_FAMILY = "1,2";
				TEST_TARGET_NAME = Pokedex;
			};
			name = Debug;
		};
		98221FD620A80A3C00D7D461 /* Release */ = {
			isa = XCBuildConfiguration;
			buildSettings = {
				ALWAYS_EMBED_SWIFT_STANDARD_LIBRARIES = YES;
				CODE_SIGN_STYLE = Automatic;
				DEVELOPMENT_TEAM = L2KTV6Z6A5;
				INFOPLIST_FILE = PokedexUITests/Info.plist;
				LD_RUNPATH_SEARCH_PATHS = "$(inherited) @executable_path/Frameworks @loader_path/Frameworks";
				PRODUCT_BUNDLE_IDENTIFIER = com.KaranJaisingh.PokedexUITests;
				PRODUCT_NAME = "$(TARGET_NAME)";
				SWIFT_VERSION = 4.0;
				TARGETED_DEVICE_FAMILY = "1,2";
				TEST_TARGET_NAME = Pokedex;
			};
			name = Release;
		};
/* End XCBuildConfiguration section */

/* Begin XCConfigurationList section */
		98221FA120A80A3C00D7D461 /* Build configuration list for PBXProject "Pokedex" */ = {
			isa = XCConfigurationList;
			buildConfigurations = (
				98221FCC20A80A3C00D7D461 /* Debug */,
				98221FCD20A80A3C00D7D461 /* Release */,
			);
			defaultConfigurationIsVisible = 0;
			defaultConfigurationName = Release;
		};
		98221FCE20A80A3C00D7D461 /* Build configuration list for PBXNativeTarget "Pokedex" */ = {
			isa = XCConfigurationList;
			buildConfigurations = (
				98221FCF20A80A3C00D7D461 /* Debug */,
				98221FD020A80A3C00D7D461 /* Release */,
			);
			defaultConfigurationIsVisible = 0;
			defaultConfigurationName = Release;
		};
		98221FD120A80A3C00D7D461 /* Build configuration list for PBXNativeTarget "PokedexTests" */ = {
			isa = XCConfigurationList;
			buildConfigurations = (
				98221FD220A80A3C00D7D461 /* Debug */,
				98221FD320A80A3C00D7D461 /* Release */,
			);
			defaultConfigurationIsVisible = 0;
			defaultConfigurationName = Release;
		};
		98221FD420A80A3C00D7D461 /* Build configuration list for PBXNativeTarget "PokedexUITests" */ = {
			isa = XCConfigurationList;
			buildConfigurations = (
				98221FD520A80A3C00D7D461 /* Debug */,
				98221FD620A80A3C00D7D461 /* Release */,
			);
			defaultConfigurationIsVisible = 0;
			defaultConfigurationName = Release;
		};
/* End XCConfigurationList section */
	};
	rootObject = 98221F9E20A80A3C00D7D461 /* Project object */;
}
